
Microsoft Visual Studio Solution File, Format Version 12.00
# Visual Studio Version 17
VisualStudioVersion = 17.1.32328.378
MinimumVisualStudioVersion = 10.0.40219.1
Project("{54A90642-561A-4BB1-A94E-469ADEE60C69}") = "PokemonWordle-FrontEnd", "PokemonWordle-FrontEnd\PokemonWordle-FrontEnd.esproj", "{952866A2-8C04-4010-B018-214CCA51E1A5}"
EndProject
Project("{FAE04EC0-301F-11D3-BF4B-00C04F79EFBC}") = "PokemonWordle-BackEnd", "PokemonWordle-BackEnd\PokemonWordle-BackEnd.csproj", "{796EFD13-8397-4F45-875B-9512283B6B78}"
EndProject
Global
	GlobalSection(SolutionConfigurationPlatforms) = preSolution
		Debug|Any CPU = Debug|Any CPU
		Release|Any CPU = Release|Any CPU
	EndGlobalSection
	GlobalSection(ProjectConfigurationPlatforms) = postSolution
		{952866A2-8C04-4010-B018-214CCA51E1A5}.Debug|Any CPU.ActiveCfg = Debug|Any CPU
		{952866A2-8C04-4010-B018-214CCA51E1A5}.Debug|Any CPU.Build.0 = Debug|Any CPU
		{952866A2-8C04-4010-B018-214CCA51E1A5}.Debug|Any CPU.Deploy.0 = Debug|Any CPU
		{952866A2-8C04-4010-B018-214CCA51E1A5}.Release|Any CPU.ActiveCfg = Release|Any CPU
		{952866A2-8C04-4010-B018-214CCA51E1A5}.Release|Any CPU.Build.0 = Release|Any CPU
		{952866A2-8C04-4010-B018-214CCA51E1A5}.Release|Any CPU.Deploy.0 = Release|Any CPU
		{796EFD13-8397-4F45-875B-9512283B6B78}.Debug|Any CPU.ActiveCfg = Debug|Any CPU
		{796EFD13-8397-4F45-875B-9512283B6B78}.Debug|Any CPU.Build.0 = Debug|Any CPU
		{796EFD13-8397-4F45-875B-9512283B6B78}.Release|Any CPU.ActiveCfg = Release|Any CPU
		{796EFD13-8397-4F45-875B-9512283B6B78}.Release|Any CPU.Build.0 = Release|Any CPU
	EndGlobalSection
	GlobalSection(SolutionProperties) = preSolution
		HideSolutionNode = FALSE
	EndGlobalSection
	GlobalSection(ExtensibilityGlobals) = postSolution
		SolutionGuid = {30088818-5E39-4D38-8282-0FAA5012E76A}
	EndGlobalSection
EndGlobal
